
Microsoft Visual Studio Solution File, Format Version 12.00
# Visual Studio 15
VisualStudioVersion = 15.0.28010.2003
MinimumVisualStudioVersion = 10.0.40219.1
Project("{2150E333-8FDC-42A3-9474-1A3956D46DE8}") = "MongodbDriver", "MongodbDriver", "{41683E85-5807-40F5-8F74-53E470489802}"
EndProject
Project("{2150E333-8FDC-42A3-9474-1A3956D46DE8}") = "ThirdParty", "ThirdParty", "{32D9D741-9528-4819-9C37-1472191F9A4F}"
EndProject
Project("{9A19103F-16F7-4668-BE54-9A1E7A4F7556}") = "MongoDB.Bson", "ThirdParty\MongodbDriver\MongoDB.Bson\MongoDB.Bson.csproj", "{33628ACA-7B62-4C6B-B256-8FAF7EC77E3B}"
EndProject
Project("{9A19103F-16F7-4668-BE54-9A1E7A4F7556}") = "MongoDB.Driver", "ThirdParty\MongodbDriver\MongoDB.Driver\MongoDB.Driver.csproj", "{0B75B55C-A051-49DA-A2A7-281DC1A4B783}"
EndProject
Project("{9A19103F-16F7-4668-BE54-9A1E7A4F7556}") = "MongoDB.Driver.Core", "ThirdParty\MongodbDriver\MongoDB.Driver.Core\MongoDB.Driver.Core.csproj", "{E0A3DB16-82F9-4487-9898-B0316F8D7970}"
EndProject
Project("{9A19103F-16F7-4668-BE54-9A1E7A4F7556}") = "MongoDB.Driver.GridFS", "ThirdParty\MongodbDriver\MongoDB.Driver.GridFS\MongoDB.Driver.GridFS.csproj", "{A10F7BDF-4763-4C2C-9F7F-8F192877DD66}"
EndProject
Project("{9A19103F-16F7-4668-BE54-9A1E7A4F7556}") = "Giant.Model", "Giant.Model\Giant.Model.csproj", "{428AD826-1DD3-4E92-8AC5-7C3EC43B77E8}"
EndProject
Project("{9A19103F-16F7-4668-BE54-9A1E7A4F7556}") = "Giant.Hotfix", "Giant.Hotfix\Giant.Hotfix.csproj", "{495CECEB-CDCC-47E1-A06F-992453D09DCB}"
EndProject
Project("{9A19103F-16F7-4668-BE54-9A1E7A4F7556}") = "Giant.Net", "Giant.Net\Giant.Net.csproj", "{14CD8913-7862-4AFF-A50C-DEB22DE8E042}"
EndProject
Project("{FAE04EC0-301F-11D3-BF4B-00C04F79EFBC}") = "Giant.Share", "Giant.Share\Giant.Share.csproj", "{5F2A6866-7866-4B02-A5D9-C6E8EC4DD591}"
EndProject
Global
	GlobalSection(SolutionConfigurationPlatforms) = preSolution
		Debug|Any CPU = Debug|Any CPU
		Release|Any CPU = Release|Any CPU
	EndGlobalSection
	GlobalSection(ProjectConfigurationPlatforms) = postSolution
		{33628ACA-7B62-4C6B-B256-8FAF7EC77E3B}.Debug|Any CPU.ActiveCfg = Debug|Any CPU
		{33628ACA-7B62-4C6B-B256-8FAF7EC77E3B}.Debug|Any CPU.Build.0 = Debug|Any CPU
		{33628ACA-7B62-4C6B-B256-8FAF7EC77E3B}.Release|Any CPU.ActiveCfg = Release|Any CPU
		{33628ACA-7B62-4C6B-B256-8FAF7EC77E3B}.Release|Any CPU.Build.0 = Release|Any CPU
		{0B75B55C-A051-49DA-A2A7-281DC1A4B783}.Debug|Any CPU.ActiveCfg = Debug|Any CPU
		{0B75B55C-A051-49DA-A2A7-281DC1A4B783}.Debug|Any CPU.Build.0 = Debug|Any CPU
		{0B75B55C-A051-49DA-A2A7-281DC1A4B783}.Release|Any CPU.ActiveCfg = Release|Any CPU
		{0B75B55C-A051-49DA-A2A7-281DC1A4B783}.Release|Any CPU.Build.0 = Release|Any CPU
		{E0A3DB16-82F9-4487-9898-B0316F8D7970}.Debug|Any CPU.ActiveCfg = Debug|Any CPU
		{E0A3DB16-82F9-4487-9898-B0316F8D7970}.Debug|Any CPU.Build.0 = Debug|Any CPU
		{E0A3DB16-82F9-4487-9898-B0316F8D7970}.Release|Any CPU.ActiveCfg = Release|Any CPU
		{E0A3DB16-82F9-4487-9898-B0316F8D7970}.Release|Any CPU.Build.0 = Release|Any CPU
		{A10F7BDF-4763-4C2C-9F7F-8F192877DD66}.Debug|Any CPU.ActiveCfg = Debug|Any CPU
		{A10F7BDF-4763-4C2C-9F7F-8F192877DD66}.Debug|Any CPU.Build.0 = Debug|Any CPU
		{A10F7BDF-4763-4C2C-9F7F-8F192877DD66}.Release|Any CPU.ActiveCfg = Release|Any CPU
		{A10F7BDF-4763-4C2C-9F7F-8F192877DD66}.Release|Any CPU.Build.0 = Release|Any CPU
		{428AD826-1DD3-4E92-8AC5-7C3EC43B77E8}.Debug|Any CPU.ActiveCfg = Debug|Any CPU
		{428AD826-1DD3-4E92-8AC5-7C3EC43B77E8}.Debug|Any CPU.Build.0 = Debug|Any CPU
		{428AD826-1DD3-4E92-8AC5-7C3EC43B77E8}.Release|Any CPU.ActiveCfg = Release|Any CPU
		{428AD826-1DD3-4E92-8AC5-7C3EC43B77E8}.Release|Any CPU.Build.0 = Release|Any CPU
		{495CECEB-CDCC-47E1-A06F-992453D09DCB}.Debug|Any CPU.ActiveCfg = Debug|Any CPU
		{495CECEB-CDCC-47E1-A06F-992453D09DCB}.Debug|Any CPU.Build.0 = Debug|Any CPU
		{495CECEB-CDCC-47E1-A06F-992453D09DCB}.Release|Any CPU.ActiveCfg = Release|Any CPU
		{495CECEB-CDCC-47E1-A06F-992453D09DCB}.Release|Any CPU.Build.0 = Release|Any CPU
		{14CD8913-7862-4AFF-A50C-DEB22DE8E042}.Debug|Any CPU.ActiveCfg = Debug|Any CPU
		{14CD8913-7862-4AFF-A50C-DEB22DE8E042}.Debug|Any CPU.Build.0 = Debug|Any CPU
		{14CD8913-7862-4AFF-A50C-DEB22DE8E042}.Release|Any CPU.ActiveCfg = Release|Any CPU
		{14CD8913-7862-4AFF-A50C-DEB22DE8E042}.Release|Any CPU.Build.0 = Release|Any CPU
		{5F2A6866-7866-4B02-A5D9-C6E8EC4DD591}.Debug|Any CPU.ActiveCfg = Debug|Any CPU
		{5F2A6866-7866-4B02-A5D9-C6E8EC4DD591}.Debug|Any CPU.Build.0 = Debug|Any CPU
		{5F2A6866-7866-4B02-A5D9-C6E8EC4DD591}.Release|Any CPU.ActiveCfg = Release|Any CPU
		{5F2A6866-7866-4B02-A5D9-C6E8EC4DD591}.Release|Any CPU.Build.0 = Release|Any CPU
	EndGlobalSection
	GlobalSection(SolutionProperties) = preSolution
		HideSolutionNode = FALSE
	EndGlobalSection
	GlobalSection(NestedProjects) = preSolution
		{41683E85-5807-40F5-8F74-53E470489802} = {32D9D741-9528-4819-9C37-1472191F9A4F}
		{33628ACA-7B62-4C6B-B256-8FAF7EC77E3B} = {41683E85-5807-40F5-8F74-53E470489802}
		{0B75B55C-A051-49DA-A2A7-281DC1A4B783} = {41683E85-5807-40F5-8F74-53E470489802}
		{E0A3DB16-82F9-4487-9898-B0316F8D7970} = {41683E85-5807-40F5-8F74-53E470489802}
		{A10F7BDF-4763-4C2C-9F7F-8F192877DD66} = {41683E85-5807-40F5-8F74-53E470489802}
	EndGlobalSection
	GlobalSection(ExtensibilityGlobals) = postSolution
		SolutionGuid = {B6848430-138E-45F6-B81B-350B8222A883}
	EndGlobalSection
EndGlobal
