
Microsoft Visual Studio Solution File, Format Version 12.00
# Visual Studio Version 16
VisualStudioVersion = 16.0.28803.202
MinimumVisualStudioVersion = 10.0.40219.1
Project("{2150E333-8FDC-42A3-9474-1A3956D46DE8}") = "MongodbDriver", "MongodbDriver", "{41683E85-5807-40F5-8F74-53E470489802}"
EndProject
Project("{2150E333-8FDC-42A3-9474-1A3956D46DE8}") = "ThirdParty", "ThirdParty", "{32D9D741-9528-4819-9C37-1472191F9A4F}"
EndProject
Project("{9A19103F-16F7-4668-BE54-9A1E7A4F7556}") = "Server.Model", "Server.Model\Server.Model.csproj", "{428AD826-1DD3-4E92-8AC5-7C3EC43B77E8}"
EndProject
Project("{2150E333-8FDC-42A3-9474-1A3956D46DE8}") = "Frame", "Frame", "{04646BC4-06AB-44C9-9112-19A442F41B42}"
EndProject
Project("{9A19103F-16F7-4668-BE54-9A1E7A4F7556}") = "Giant.DB", "..\Frame\Giant.DB\Giant.DB.csproj", "{CEEBA94A-E286-4A2B-B643-E7D128420C37}"
EndProject
Project("{9A19103F-16F7-4668-BE54-9A1E7A4F7556}") = "Giant.Frame", "..\Frame\Giant.Frame\Giant.Frame.csproj", "{DD6D0D62-9E4C-4F53-AAC5-8E01BB8EFF10}"
EndProject
Project("{9A19103F-16F7-4668-BE54-9A1E7A4F7556}") = "Giant.Log", "..\Frame\Giant.Log\Giant.Log.csproj", "{9B943EF0-AAAD-4475-A5F4-0ED5EDFBB87E}"
EndProject
Project("{9A19103F-16F7-4668-BE54-9A1E7A4F7556}") = "Giant.Msg", "..\Frame\Giant.Msg\Giant.Msg.csproj", "{1D611DCD-40A3-4EB1-B061-C8D5501FC8A0}"
EndProject
Project("{9A19103F-16F7-4668-BE54-9A1E7A4F7556}") = "Giant.Net", "..\Frame\Giant.Net\Giant.Net.csproj", "{BC9F3B55-E5BD-4197-A390-FE15907D467B}"
EndProject
Project("{9A19103F-16F7-4668-BE54-9A1E7A4F7556}") = "Giant.Share", "..\Frame\Giant.Share\Giant.Share.csproj", "{74CB736E-CAC1-442A-A106-62E7ACC8386B}"
EndProject
Project("{FAE04EC0-301F-11D3-BF4B-00C04F79EFBC}") = "Server.Test", "Server.Test\Server.Test.csproj", "{C504C114-7542-4CA2-BEAE-5012B6E26FF8}"
EndProject
Project("{9A19103F-16F7-4668-BE54-9A1E7A4F7556}") = "MongoDB.Bson", "..\Frame\ThirdParty\MongodbDriver\MongoDB.Bson\MongoDB.Bson.csproj", "{F22ADE47-74CE-4766-9BA8-EEF00C392EF0}"
EndProject
Project("{9A19103F-16F7-4668-BE54-9A1E7A4F7556}") = "MongoDB.Driver", "..\Frame\ThirdParty\MongodbDriver\MongoDB.Driver\MongoDB.Driver.csproj", "{640CE6CC-9AF2-4F5E-BCE0-0DA0C3FFE5A4}"
EndProject
Project("{9A19103F-16F7-4668-BE54-9A1E7A4F7556}") = "MongoDB.Driver.Core", "..\Frame\ThirdParty\MongodbDriver\MongoDB.Driver.Core\MongoDB.Driver.Core.csproj", "{1962E3FE-F425-4591-ABC8-2C3B9E7B7BAF}"
EndProject
Project("{9A19103F-16F7-4668-BE54-9A1E7A4F7556}") = "MongoDB.Driver.GridFS", "..\Frame\ThirdParty\MongodbDriver\MongoDB.Driver.GridFS\MongoDB.Driver.GridFS.csproj", "{6BDF78B0-23CD-43D6-BB4F-1FBF266C666B}"
EndProject
Global
	GlobalSection(SolutionConfigurationPlatforms) = preSolution
		Debug|Any CPU = Debug|Any CPU
		Release|Any CPU = Release|Any CPU
	EndGlobalSection
	GlobalSection(ProjectConfigurationPlatforms) = postSolution
		{428AD826-1DD3-4E92-8AC5-7C3EC43B77E8}.Debug|Any CPU.ActiveCfg = Debug|Any CPU
		{428AD826-1DD3-4E92-8AC5-7C3EC43B77E8}.Debug|Any CPU.Build.0 = Debug|Any CPU
		{428AD826-1DD3-4E92-8AC5-7C3EC43B77E8}.Release|Any CPU.ActiveCfg = Release|Any CPU
		{428AD826-1DD3-4E92-8AC5-7C3EC43B77E8}.Release|Any CPU.Build.0 = Release|Any CPU
		{CEEBA94A-E286-4A2B-B643-E7D128420C37}.Debug|Any CPU.ActiveCfg = Debug|Any CPU
		{CEEBA94A-E286-4A2B-B643-E7D128420C37}.Debug|Any CPU.Build.0 = Debug|Any CPU
		{CEEBA94A-E286-4A2B-B643-E7D128420C37}.Release|Any CPU.ActiveCfg = Release|Any CPU
		{CEEBA94A-E286-4A2B-B643-E7D128420C37}.Release|Any CPU.Build.0 = Release|Any CPU
		{DD6D0D62-9E4C-4F53-AAC5-8E01BB8EFF10}.Debug|Any CPU.ActiveCfg = Debug|Any CPU
		{DD6D0D62-9E4C-4F53-AAC5-8E01BB8EFF10}.Debug|Any CPU.Build.0 = Debug|Any CPU
		{DD6D0D62-9E4C-4F53-AAC5-8E01BB8EFF10}.Release|Any CPU.ActiveCfg = Release|Any CPU
		{DD6D0D62-9E4C-4F53-AAC5-8E01BB8EFF10}.Release|Any CPU.Build.0 = Release|Any CPU
		{9B943EF0-AAAD-4475-A5F4-0ED5EDFBB87E}.Debug|Any CPU.ActiveCfg = Debug|Any CPU
		{9B943EF0-AAAD-4475-A5F4-0ED5EDFBB87E}.Debug|Any CPU.Build.0 = Debug|Any CPU
		{9B943EF0-AAAD-4475-A5F4-0ED5EDFBB87E}.Release|Any CPU.ActiveCfg = Release|Any CPU
		{9B943EF0-AAAD-4475-A5F4-0ED5EDFBB87E}.Release|Any CPU.Build.0 = Release|Any CPU
		{1D611DCD-40A3-4EB1-B061-C8D5501FC8A0}.Debug|Any CPU.ActiveCfg = Debug|Any CPU
		{1D611DCD-40A3-4EB1-B061-C8D5501FC8A0}.Debug|Any CPU.Build.0 = Debug|Any CPU
		{1D611DCD-40A3-4EB1-B061-C8D5501FC8A0}.Release|Any CPU.ActiveCfg = Release|Any CPU
		{1D611DCD-40A3-4EB1-B061-C8D5501FC8A0}.Release|Any CPU.Build.0 = Release|Any CPU
		{BC9F3B55-E5BD-4197-A390-FE15907D467B}.Debug|Any CPU.ActiveCfg = Debug|Any CPU
		{BC9F3B55-E5BD-4197-A390-FE15907D467B}.Debug|Any CPU.Build.0 = Debug|Any CPU
		{BC9F3B55-E5BD-4197-A390-FE15907D467B}.Release|Any CPU.ActiveCfg = Release|Any CPU
		{BC9F3B55-E5BD-4197-A390-FE15907D467B}.Release|Any CPU.Build.0 = Release|Any CPU
		{74CB736E-CAC1-442A-A106-62E7ACC8386B}.Debug|Any CPU.ActiveCfg = Debug|Any CPU
		{74CB736E-CAC1-442A-A106-62E7ACC8386B}.Debug|Any CPU.Build.0 = Debug|Any CPU
		{74CB736E-CAC1-442A-A106-62E7ACC8386B}.Release|Any CPU.ActiveCfg = Release|Any CPU
		{74CB736E-CAC1-442A-A106-62E7ACC8386B}.Release|Any CPU.Build.0 = Release|Any CPU
		{C504C114-7542-4CA2-BEAE-5012B6E26FF8}.Debug|Any CPU.ActiveCfg = Debug|Any CPU
		{C504C114-7542-4CA2-BEAE-5012B6E26FF8}.Debug|Any CPU.Build.0 = Debug|Any CPU
		{C504C114-7542-4CA2-BEAE-5012B6E26FF8}.Release|Any CPU.ActiveCfg = Release|Any CPU
		{C504C114-7542-4CA2-BEAE-5012B6E26FF8}.Release|Any CPU.Build.0 = Release|Any CPU
		{F22ADE47-74CE-4766-9BA8-EEF00C392EF0}.Debug|Any CPU.ActiveCfg = Debug|Any CPU
		{F22ADE47-74CE-4766-9BA8-EEF00C392EF0}.Debug|Any CPU.Build.0 = Debug|Any CPU
		{F22ADE47-74CE-4766-9BA8-EEF00C392EF0}.Release|Any CPU.ActiveCfg = Release|Any CPU
		{F22ADE47-74CE-4766-9BA8-EEF00C392EF0}.Release|Any CPU.Build.0 = Release|Any CPU
		{640CE6CC-9AF2-4F5E-BCE0-0DA0C3FFE5A4}.Debug|Any CPU.ActiveCfg = Debug|Any CPU
		{640CE6CC-9AF2-4F5E-BCE0-0DA0C3FFE5A4}.Debug|Any CPU.Build.0 = Debug|Any CPU
		{640CE6CC-9AF2-4F5E-BCE0-0DA0C3FFE5A4}.Release|Any CPU.ActiveCfg = Release|Any CPU
		{640CE6CC-9AF2-4F5E-BCE0-0DA0C3FFE5A4}.Release|Any CPU.Build.0 = Release|Any CPU
		{1962E3FE-F425-4591-ABC8-2C3B9E7B7BAF}.Debug|Any CPU.ActiveCfg = Debug|Any CPU
		{1962E3FE-F425-4591-ABC8-2C3B9E7B7BAF}.Debug|Any CPU.Build.0 = Debug|Any CPU
		{1962E3FE-F425-4591-ABC8-2C3B9E7B7BAF}.Release|Any CPU.ActiveCfg = Release|Any CPU
		{1962E3FE-F425-4591-ABC8-2C3B9E7B7BAF}.Release|Any CPU.Build.0 = Release|Any CPU
		{6BDF78B0-23CD-43D6-BB4F-1FBF266C666B}.Debug|Any CPU.ActiveCfg = Debug|Any CPU
		{6BDF78B0-23CD-43D6-BB4F-1FBF266C666B}.Debug|Any CPU.Build.0 = Debug|Any CPU
		{6BDF78B0-23CD-43D6-BB4F-1FBF266C666B}.Release|Any CPU.ActiveCfg = Release|Any CPU
		{6BDF78B0-23CD-43D6-BB4F-1FBF266C666B}.Release|Any CPU.Build.0 = Release|Any CPU
	EndGlobalSection
	GlobalSection(SolutionProperties) = preSolution
		HideSolutionNode = FALSE
	EndGlobalSection
	GlobalSection(NestedProjects) = preSolution
		{41683E85-5807-40F5-8F74-53E470489802} = {32D9D741-9528-4819-9C37-1472191F9A4F}
		{32D9D741-9528-4819-9C37-1472191F9A4F} = {04646BC4-06AB-44C9-9112-19A442F41B42}
		{CEEBA94A-E286-4A2B-B643-E7D128420C37} = {04646BC4-06AB-44C9-9112-19A442F41B42}
		{DD6D0D62-9E4C-4F53-AAC5-8E01BB8EFF10} = {04646BC4-06AB-44C9-9112-19A442F41B42}
		{9B943EF0-AAAD-4475-A5F4-0ED5EDFBB87E} = {04646BC4-06AB-44C9-9112-19A442F41B42}
		{1D611DCD-40A3-4EB1-B061-C8D5501FC8A0} = {04646BC4-06AB-44C9-9112-19A442F41B42}
		{BC9F3B55-E5BD-4197-A390-FE15907D467B} = {04646BC4-06AB-44C9-9112-19A442F41B42}
		{74CB736E-CAC1-442A-A106-62E7ACC8386B} = {04646BC4-06AB-44C9-9112-19A442F41B42}
		{F22ADE47-74CE-4766-9BA8-EEF00C392EF0} = {41683E85-5807-40F5-8F74-53E470489802}
		{640CE6CC-9AF2-4F5E-BCE0-0DA0C3FFE5A4} = {41683E85-5807-40F5-8F74-53E470489802}
		{1962E3FE-F425-4591-ABC8-2C3B9E7B7BAF} = {41683E85-5807-40F5-8F74-53E470489802}
		{6BDF78B0-23CD-43D6-BB4F-1FBF266C666B} = {41683E85-5807-40F5-8F74-53E470489802}
	EndGlobalSection
	GlobalSection(ExtensibilityGlobals) = postSolution
		SolutionGuid = {B6848430-138E-45F6-B81B-350B8222A883}
	EndGlobalSection
EndGlobal
