
Microsoft Visual Studio Solution File, Format Version 12.00
# Visual Studio Version 16
VisualStudioVersion = 16.0.28803.202
MinimumVisualStudioVersion = 10.0.40219.1
Project("{2150E333-8FDC-42A3-9474-1A3956D46DE8}") = "Plugins", "Plugins", "{04646BC4-06AB-44C9-9112-19A442F41B42}"
EndProject
Project("{9A19103F-16F7-4668-BE54-9A1E7A4F7556}") = "Giant.DB", "..\Frame\Giant.DB\Giant.DB.csproj", "{CEEBA94A-E286-4A2B-B643-E7D128420C37}"
EndProject
Project("{9A19103F-16F7-4668-BE54-9A1E7A4F7556}") = "Giant.Log", "..\Frame\Giant.Log\Giant.Log.csproj", "{9B943EF0-AAAD-4475-A5F4-0ED5EDFBB87E}"
EndProject
Project("{9A19103F-16F7-4668-BE54-9A1E7A4F7556}") = "Giant.Msg", "..\Frame\Giant.Msg\Giant.Msg.csproj", "{1D611DCD-40A3-4EB1-B061-C8D5501FC8A0}"
EndProject
Project("{9A19103F-16F7-4668-BE54-9A1E7A4F7556}") = "Giant.Net", "..\Frame\Giant.Net\Giant.Net.csproj", "{BC9F3B55-E5BD-4197-A390-FE15907D467B}"
EndProject
Project("{9A19103F-16F7-4668-BE54-9A1E7A4F7556}") = "Giant.Share", "..\Frame\Giant.Share\Giant.Share.csproj", "{74CB736E-CAC1-442A-A106-62E7ACC8386B}"
EndProject
Project("{9A19103F-16F7-4668-BE54-9A1E7A4F7556}") = "Server.Test", "Server.Test\Server.Test.csproj", "{C504C114-7542-4CA2-BEAE-5012B6E26FF8}"
EndProject
Project("{9A19103F-16F7-4668-BE54-9A1E7A4F7556}") = "Giant.Redis", "..\Frame\Giant.Redis\Giant.Redis.csproj", "{6001C596-F2AC-446E-AA9A-60F1AF0E2E64}"
EndProject
Project("{9A19103F-16F7-4668-BE54-9A1E7A4F7556}") = "Giant.DataTask", "..\Frame\Giant.Task\Giant.DataTask.csproj", "{C9D17A8D-B9AA-47AA-BAEB-A3FD9C6C9924}"
EndProject
Project("{9A19103F-16F7-4668-BE54-9A1E7A4F7556}") = "Giant.Data", "..\Frame\Giant.Data\Giant.Data.csproj", "{9A861E58-564F-45CB-89AA-E7DA48B0D537}"
EndProject
Project("{9A19103F-16F7-4668-BE54-9A1E7A4F7556}") = "Server.Frame", "Server.Frame\Server.Frame.csproj", "{C11A40F4-BD9B-40EF-8E76-4FB0C004FDB1}"
EndProject
Project("{9A19103F-16F7-4668-BE54-9A1E7A4F7556}") = "Server.Account", "Server.Account\Server.Account.csproj", "{5CEA5532-0E72-4108-97D6-CEED94F1FB97}"
EndProject
Project("{9A19103F-16F7-4668-BE54-9A1E7A4F7556}") = "Server.Gate", "Server.Gate\Server.Gate.csproj", "{EC382CF4-F409-4969-BD6D-89C44B8ED557}"
EndProject
Project("{9A19103F-16F7-4668-BE54-9A1E7A4F7556}") = "Server.Map", "Server.Map\Server.Map.csproj", "{8C05E533-A519-4D0C-8543-C47DFA6B856F}"
EndProject
Project("{9A19103F-16F7-4668-BE54-9A1E7A4F7556}") = "Server.Global", "Server.Global\Server.Global.csproj", "{3DA63856-ADFB-465E-925A-5A297D43C1E7}"
EndProject
Project("{9A19103F-16F7-4668-BE54-9A1E7A4F7556}") = "Server.Relation", "Server.Relation\Server.Relation.csproj", "{5C273157-4E43-4464-9A5C-A2520826B8E0}"
EndProject
Project("{9A19103F-16F7-4668-BE54-9A1E7A4F7556}") = "Server.Manager", "Server.Manager\Server.Manager.csproj", "{8DC12D3C-A29C-4764-8841-6D2149E1372B}"
EndProject
Global
	GlobalSection(SolutionConfigurationPlatforms) = preSolution
		Debug|Any CPU = Debug|Any CPU
		Release|Any CPU = Release|Any CPU
	EndGlobalSection
	GlobalSection(ProjectConfigurationPlatforms) = postSolution
		{CEEBA94A-E286-4A2B-B643-E7D128420C37}.Debug|Any CPU.ActiveCfg = Debug|Any CPU
		{CEEBA94A-E286-4A2B-B643-E7D128420C37}.Debug|Any CPU.Build.0 = Debug|Any CPU
		{CEEBA94A-E286-4A2B-B643-E7D128420C37}.Release|Any CPU.ActiveCfg = Release|Any CPU
		{CEEBA94A-E286-4A2B-B643-E7D128420C37}.Release|Any CPU.Build.0 = Release|Any CPU
		{9B943EF0-AAAD-4475-A5F4-0ED5EDFBB87E}.Debug|Any CPU.ActiveCfg = Debug|Any CPU
		{9B943EF0-AAAD-4475-A5F4-0ED5EDFBB87E}.Debug|Any CPU.Build.0 = Debug|Any CPU
		{9B943EF0-AAAD-4475-A5F4-0ED5EDFBB87E}.Release|Any CPU.ActiveCfg = Release|Any CPU
		{9B943EF0-AAAD-4475-A5F4-0ED5EDFBB87E}.Release|Any CPU.Build.0 = Release|Any CPU
		{1D611DCD-40A3-4EB1-B061-C8D5501FC8A0}.Debug|Any CPU.ActiveCfg = Debug|Any CPU
		{1D611DCD-40A3-4EB1-B061-C8D5501FC8A0}.Release|Any CPU.ActiveCfg = Release|Any CPU
		{1D611DCD-40A3-4EB1-B061-C8D5501FC8A0}.Release|Any CPU.Build.0 = Release|Any CPU
		{BC9F3B55-E5BD-4197-A390-FE15907D467B}.Debug|Any CPU.ActiveCfg = Debug|Any CPU
		{BC9F3B55-E5BD-4197-A390-FE15907D467B}.Debug|Any CPU.Build.0 = Debug|Any CPU
		{BC9F3B55-E5BD-4197-A390-FE15907D467B}.Release|Any CPU.ActiveCfg = Release|Any CPU
		{BC9F3B55-E5BD-4197-A390-FE15907D467B}.Release|Any CPU.Build.0 = Release|Any CPU
		{74CB736E-CAC1-442A-A106-62E7ACC8386B}.Debug|Any CPU.ActiveCfg = Debug|Any CPU
		{74CB736E-CAC1-442A-A106-62E7ACC8386B}.Debug|Any CPU.Build.0 = Debug|Any CPU
		{74CB736E-CAC1-442A-A106-62E7ACC8386B}.Release|Any CPU.ActiveCfg = Release|Any CPU
		{74CB736E-CAC1-442A-A106-62E7ACC8386B}.Release|Any CPU.Build.0 = Release|Any CPU
		{C504C114-7542-4CA2-BEAE-5012B6E26FF8}.Debug|Any CPU.ActiveCfg = Debug|Any CPU
		{C504C114-7542-4CA2-BEAE-5012B6E26FF8}.Debug|Any CPU.Build.0 = Debug|Any CPU
		{C504C114-7542-4CA2-BEAE-5012B6E26FF8}.Release|Any CPU.ActiveCfg = Release|Any CPU
		{C504C114-7542-4CA2-BEAE-5012B6E26FF8}.Release|Any CPU.Build.0 = Release|Any CPU
		{6001C596-F2AC-446E-AA9A-60F1AF0E2E64}.Debug|Any CPU.ActiveCfg = Debug|Any CPU
		{6001C596-F2AC-446E-AA9A-60F1AF0E2E64}.Debug|Any CPU.Build.0 = Debug|Any CPU
		{6001C596-F2AC-446E-AA9A-60F1AF0E2E64}.Release|Any CPU.ActiveCfg = Release|Any CPU
		{6001C596-F2AC-446E-AA9A-60F1AF0E2E64}.Release|Any CPU.Build.0 = Release|Any CPU
		{C9D17A8D-B9AA-47AA-BAEB-A3FD9C6C9924}.Debug|Any CPU.ActiveCfg = Debug|Any CPU
		{C9D17A8D-B9AA-47AA-BAEB-A3FD9C6C9924}.Debug|Any CPU.Build.0 = Debug|Any CPU
		{C9D17A8D-B9AA-47AA-BAEB-A3FD9C6C9924}.Release|Any CPU.ActiveCfg = Release|Any CPU
		{C9D17A8D-B9AA-47AA-BAEB-A3FD9C6C9924}.Release|Any CPU.Build.0 = Release|Any CPU
		{9A861E58-564F-45CB-89AA-E7DA48B0D537}.Debug|Any CPU.ActiveCfg = Debug|Any CPU
		{9A861E58-564F-45CB-89AA-E7DA48B0D537}.Debug|Any CPU.Build.0 = Debug|Any CPU
		{9A861E58-564F-45CB-89AA-E7DA48B0D537}.Release|Any CPU.ActiveCfg = Release|Any CPU
		{9A861E58-564F-45CB-89AA-E7DA48B0D537}.Release|Any CPU.Build.0 = Release|Any CPU
		{C11A40F4-BD9B-40EF-8E76-4FB0C004FDB1}.Debug|Any CPU.ActiveCfg = Debug|Any CPU
		{C11A40F4-BD9B-40EF-8E76-4FB0C004FDB1}.Debug|Any CPU.Build.0 = Debug|Any CPU
		{C11A40F4-BD9B-40EF-8E76-4FB0C004FDB1}.Release|Any CPU.ActiveCfg = Release|Any CPU
		{C11A40F4-BD9B-40EF-8E76-4FB0C004FDB1}.Release|Any CPU.Build.0 = Release|Any CPU
		{5CEA5532-0E72-4108-97D6-CEED94F1FB97}.Debug|Any CPU.ActiveCfg = Debug|Any CPU
		{5CEA5532-0E72-4108-97D6-CEED94F1FB97}.Debug|Any CPU.Build.0 = Debug|Any CPU
		{5CEA5532-0E72-4108-97D6-CEED94F1FB97}.Release|Any CPU.ActiveCfg = Release|Any CPU
		{5CEA5532-0E72-4108-97D6-CEED94F1FB97}.Release|Any CPU.Build.0 = Release|Any CPU
		{EC382CF4-F409-4969-BD6D-89C44B8ED557}.Debug|Any CPU.ActiveCfg = Debug|Any CPU
		{EC382CF4-F409-4969-BD6D-89C44B8ED557}.Debug|Any CPU.Build.0 = Debug|Any CPU
		{EC382CF4-F409-4969-BD6D-89C44B8ED557}.Release|Any CPU.ActiveCfg = Release|Any CPU
		{EC382CF4-F409-4969-BD6D-89C44B8ED557}.Release|Any CPU.Build.0 = Release|Any CPU
		{8C05E533-A519-4D0C-8543-C47DFA6B856F}.Debug|Any CPU.ActiveCfg = Debug|Any CPU
		{8C05E533-A519-4D0C-8543-C47DFA6B856F}.Debug|Any CPU.Build.0 = Debug|Any CPU
		{8C05E533-A519-4D0C-8543-C47DFA6B856F}.Release|Any CPU.ActiveCfg = Release|Any CPU
		{8C05E533-A519-4D0C-8543-C47DFA6B856F}.Release|Any CPU.Build.0 = Release|Any CPU
		{3DA63856-ADFB-465E-925A-5A297D43C1E7}.Debug|Any CPU.ActiveCfg = Debug|Any CPU
		{3DA63856-ADFB-465E-925A-5A297D43C1E7}.Debug|Any CPU.Build.0 = Debug|Any CPU
		{3DA63856-ADFB-465E-925A-5A297D43C1E7}.Release|Any CPU.ActiveCfg = Release|Any CPU
		{3DA63856-ADFB-465E-925A-5A297D43C1E7}.Release|Any CPU.Build.0 = Release|Any CPU
		{5C273157-4E43-4464-9A5C-A2520826B8E0}.Debug|Any CPU.ActiveCfg = Debug|Any CPU
		{5C273157-4E43-4464-9A5C-A2520826B8E0}.Debug|Any CPU.Build.0 = Debug|Any CPU
		{5C273157-4E43-4464-9A5C-A2520826B8E0}.Release|Any CPU.ActiveCfg = Release|Any CPU
		{5C273157-4E43-4464-9A5C-A2520826B8E0}.Release|Any CPU.Build.0 = Release|Any CPU
		{8DC12D3C-A29C-4764-8841-6D2149E1372B}.Debug|Any CPU.ActiveCfg = Debug|Any CPU
		{8DC12D3C-A29C-4764-8841-6D2149E1372B}.Debug|Any CPU.Build.0 = Debug|Any CPU
		{8DC12D3C-A29C-4764-8841-6D2149E1372B}.Release|Any CPU.ActiveCfg = Release|Any CPU
		{8DC12D3C-A29C-4764-8841-6D2149E1372B}.Release|Any CPU.Build.0 = Release|Any CPU
	EndGlobalSection
	GlobalSection(SolutionProperties) = preSolution
		HideSolutionNode = FALSE
	EndGlobalSection
	GlobalSection(NestedProjects) = preSolution
		{CEEBA94A-E286-4A2B-B643-E7D128420C37} = {04646BC4-06AB-44C9-9112-19A442F41B42}
		{9B943EF0-AAAD-4475-A5F4-0ED5EDFBB87E} = {04646BC4-06AB-44C9-9112-19A442F41B42}
		{1D611DCD-40A3-4EB1-B061-C8D5501FC8A0} = {04646BC4-06AB-44C9-9112-19A442F41B42}
		{BC9F3B55-E5BD-4197-A390-FE15907D467B} = {04646BC4-06AB-44C9-9112-19A442F41B42}
		{74CB736E-CAC1-442A-A106-62E7ACC8386B} = {04646BC4-06AB-44C9-9112-19A442F41B42}
		{6001C596-F2AC-446E-AA9A-60F1AF0E2E64} = {04646BC4-06AB-44C9-9112-19A442F41B42}
		{C9D17A8D-B9AA-47AA-BAEB-A3FD9C6C9924} = {04646BC4-06AB-44C9-9112-19A442F41B42}
		{9A861E58-564F-45CB-89AA-E7DA48B0D537} = {04646BC4-06AB-44C9-9112-19A442F41B42}
	EndGlobalSection
	GlobalSection(ExtensibilityGlobals) = postSolution
		SolutionGuid = {B6848430-138E-45F6-B81B-350B8222A883}
	EndGlobalSection
EndGlobal
