
Microsoft Visual Studio Solution File, Format Version 12.00
# Visual Studio 15
VisualStudioVersion = 15.0.28307.106
MinimumVisualStudioVersion = 10.0.40219.1
Project("{FAE04EC0-301F-11D3-BF4B-00C04F79EFBC}") = "OODB", "OODB\OODB.csproj", "{3D4B842F-5605-4F11-84A1-7DA107F47DD1}"
EndProject
Project("{FAE04EC0-301F-11D3-BF4B-00C04F79EFBC}") = "Demo", "Demo\Demo.csproj", "{8122CC7D-30F6-4D71-8F45-EC8762D1D957}"
EndProject
Global
	GlobalSection(SolutionConfigurationPlatforms) = preSolution
		Debug|Any CPU = Debug|Any CPU
		Release|Any CPU = Release|Any CPU
	EndGlobalSection
	GlobalSection(ProjectConfigurationPlatforms) = postSolution
		{3D4B842F-5605-4F11-84A1-7DA107F47DD1}.Debug|Any CPU.ActiveCfg = Debug|Any CPU
		{3D4B842F-5605-4F11-84A1-7DA107F47DD1}.Debug|Any CPU.Build.0 = Debug|Any CPU
		{3D4B842F-5605-4F11-84A1-7DA107F47DD1}.Release|Any CPU.ActiveCfg = Release|Any CPU
		{3D4B842F-5605-4F11-84A1-7DA107F47DD1}.Release|Any CPU.Build.0 = Release|Any CPU
		{8122CC7D-30F6-4D71-8F45-EC8762D1D957}.Debug|Any CPU.ActiveCfg = Debug|Any CPU
		{8122CC7D-30F6-4D71-8F45-EC8762D1D957}.Debug|Any CPU.Build.0 = Debug|Any CPU
		{8122CC7D-30F6-4D71-8F45-EC8762D1D957}.Release|Any CPU.ActiveCfg = Release|Any CPU
		{8122CC7D-30F6-4D71-8F45-EC8762D1D957}.Release|Any CPU.Build.0 = Release|Any CPU
	EndGlobalSection
	GlobalSection(SolutionProperties) = preSolution
		HideSolutionNode = FALSE
	EndGlobalSection
	GlobalSection(ExtensibilityGlobals) = postSolution
		SolutionGuid = {3359D2DB-151F-4451-9AE7-E05AD0D48696}
	EndGlobalSection
EndGlobal
