
Microsoft Visual Studio Solution File, Format Version 12.00
# Visual Studio 15
VisualStudioVersion = 15.0.28010.2003
MinimumVisualStudioVersion = 10.0.40219.1
Project("{FAE04EC0-301F-11D3-BF4B-00C04F79EFBC}") = "GiantCore", "GiantEx\GiantCore.csproj", "{0A4CC681-977B-4B48-97E6-A776426F4604}"
EndProject
Project("{FAE04EC0-301F-11D3-BF4B-00C04F79EFBC}") = "GiantNode", "GiantNode\GiantNode.csproj", "{1AE47F4C-007C-44E8-BD7F-0928E176188C}"
EndProject
Project("{FAE04EC0-301F-11D3-BF4B-00C04F79EFBC}") = "GiantServer", "GiantServer\GiantServer.csproj", "{1A5FA3DD-AA99-41EE-9F8A-7CB0160648CF}"
EndProject
Global
	GlobalSection(SolutionConfigurationPlatforms) = preSolution
		Debug|Any CPU = Debug|Any CPU
		Release|Any CPU = Release|Any CPU
	EndGlobalSection
	GlobalSection(ProjectConfigurationPlatforms) = postSolution
		{0A4CC681-977B-4B48-97E6-A776426F4604}.Debug|Any CPU.ActiveCfg = Debug|Any CPU
		{0A4CC681-977B-4B48-97E6-A776426F4604}.Debug|Any CPU.Build.0 = Debug|Any CPU
		{0A4CC681-977B-4B48-97E6-A776426F4604}.Release|Any CPU.ActiveCfg = Release|Any CPU
		{0A4CC681-977B-4B48-97E6-A776426F4604}.Release|Any CPU.Build.0 = Release|Any CPU
		{1AE47F4C-007C-44E8-BD7F-0928E176188C}.Debug|Any CPU.ActiveCfg = Debug|Any CPU
		{1AE47F4C-007C-44E8-BD7F-0928E176188C}.Debug|Any CPU.Build.0 = Debug|Any CPU
		{1AE47F4C-007C-44E8-BD7F-0928E176188C}.Release|Any CPU.ActiveCfg = Release|Any CPU
		{1AE47F4C-007C-44E8-BD7F-0928E176188C}.Release|Any CPU.Build.0 = Release|Any CPU
		{1A5FA3DD-AA99-41EE-9F8A-7CB0160648CF}.Debug|Any CPU.ActiveCfg = Debug|Any CPU
		{1A5FA3DD-AA99-41EE-9F8A-7CB0160648CF}.Debug|Any CPU.Build.0 = Debug|Any CPU
		{1A5FA3DD-AA99-41EE-9F8A-7CB0160648CF}.Release|Any CPU.ActiveCfg = Release|Any CPU
		{1A5FA3DD-AA99-41EE-9F8A-7CB0160648CF}.Release|Any CPU.Build.0 = Release|Any CPU
	EndGlobalSection
	GlobalSection(SolutionProperties) = preSolution
		HideSolutionNode = FALSE
	EndGlobalSection
	GlobalSection(ExtensibilityGlobals) = postSolution
		SolutionGuid = {B6848430-138E-45F6-B81B-350B8222A883}
	EndGlobalSection
EndGlobal
