
Microsoft Visual Studio Solution File, Format Version 12.00
# Visual Studio Version 16
VisualStudioVersion = 16.0.28803.202
MinimumVisualStudioVersion = 10.0.40219.1
Project("{9A19103F-16F7-4668-BE54-9A1E7A4F7556}") = "Proto2CS", "Proto2CS\Proto2CS.csproj", "{A8BAC446-F842-4743-BF1C-1F3A58D1DF6E}"
EndProject
Project("{9A19103F-16F7-4668-BE54-9A1E7A4F7556}") = "Giant.Msg", "..\..\Frame\Giant.Msg\Giant.Msg.csproj", "{61C22F9F-1272-4EF5-9292-A311D5120778}"
EndProject
Global
	GlobalSection(SolutionConfigurationPlatforms) = preSolution
		Debug|Any CPU = Debug|Any CPU
		Release|Any CPU = Release|Any CPU
	EndGlobalSection
	GlobalSection(ProjectConfigurationPlatforms) = postSolution
		{A8BAC446-F842-4743-BF1C-1F3A58D1DF6E}.Debug|Any CPU.ActiveCfg = Debug|Any CPU
		{A8BAC446-F842-4743-BF1C-1F3A58D1DF6E}.Debug|Any CPU.Build.0 = Debug|Any CPU
		{A8BAC446-F842-4743-BF1C-1F3A58D1DF6E}.Release|Any CPU.ActiveCfg = Release|Any CPU
		{A8BAC446-F842-4743-BF1C-1F3A58D1DF6E}.Release|Any CPU.Build.0 = Release|Any CPU
		{61C22F9F-1272-4EF5-9292-A311D5120778}.Debug|Any CPU.ActiveCfg = Debug|Any CPU
		{61C22F9F-1272-4EF5-9292-A311D5120778}.Debug|Any CPU.Build.0 = Debug|Any CPU
		{61C22F9F-1272-4EF5-9292-A311D5120778}.Release|Any CPU.ActiveCfg = Release|Any CPU
		{61C22F9F-1272-4EF5-9292-A311D5120778}.Release|Any CPU.Build.0 = Release|Any CPU
	EndGlobalSection
	GlobalSection(SolutionProperties) = preSolution
		HideSolutionNode = FALSE
	EndGlobalSection
	GlobalSection(ExtensibilityGlobals) = postSolution
		SolutionGuid = {BFB597DC-7089-4471-A4ED-37C573BF2D85}
	EndGlobalSection
EndGlobal
