
Microsoft Visual Studio Solution File, Format Version 12.00
# Visual Studio 15
VisualStudioVersion = 15.0.28010.2003
MinimumVisualStudioVersion = 10.0.40219.1
Project("{2150E333-8FDC-42A3-9474-1A3956D46DE8}") = "MongodbDriver", "MongodbDriver", "{41683E85-5807-40F5-8F74-53E470489802}"
EndProject
Project("{2150E333-8FDC-42A3-9474-1A3956D46DE8}") = "ThirdParty", "ThirdParty", "{32D9D741-9528-4819-9C37-1472191F9A4F}"
EndProject
Project("{9A19103F-16F7-4668-BE54-9A1E7A4F7556}") = "Giant.Model", "Giant.Model\Giant.Model.csproj", "{428AD826-1DD3-4E92-8AC5-7C3EC43B77E8}"
EndProject
Project("{9A19103F-16F7-4668-BE54-9A1E7A4F7556}") = "Giant.Hotfix", "Giant.Hotfix\Giant.Hotfix.csproj", "{495CECEB-CDCC-47E1-A06F-992453D09DCB}"
EndProject
Project("{2150E333-8FDC-42A3-9474-1A3956D46DE8}") = "Common", "Common", "{04646BC4-06AB-44C9-9112-19A442F41B42}"
EndProject
Project("{9A19103F-16F7-4668-BE54-9A1E7A4F7556}") = "Giant.Share", "..\Common\Giant.Share\Giant.Share.csproj", "{8237A035-260A-46B6-8F8C-F394EB47F511}"
EndProject
Project("{9A19103F-16F7-4668-BE54-9A1E7A4F7556}") = "Giant.Net", "..\Common\Giant.Net\Giant.Net.csproj", "{22C2DC41-4351-4A9D-8CFF-4F97957F489E}"
EndProject
Project("{9A19103F-16F7-4668-BE54-9A1E7A4F7556}") = "MongoDB.Bson", "..\Common\ThirdParty\MongodbDriver\MongoDB.Bson\MongoDB.Bson.csproj", "{B9CA111F-62B4-4AEB-97AF-2DA0FD7DA94F}"
EndProject
Project("{9A19103F-16F7-4668-BE54-9A1E7A4F7556}") = "MongoDB.Driver", "..\Common\ThirdParty\MongodbDriver\MongoDB.Driver\MongoDB.Driver.csproj", "{AC7EDA1A-7BDB-4FC2-ABBB-4ED83096CCDD}"
EndProject
Project("{9A19103F-16F7-4668-BE54-9A1E7A4F7556}") = "MongoDB.Driver.Core", "..\Common\ThirdParty\MongodbDriver\MongoDB.Driver.Core\MongoDB.Driver.Core.csproj", "{6CCEF52A-8341-4118-A428-2F2852BD495A}"
EndProject
Project("{9A19103F-16F7-4668-BE54-9A1E7A4F7556}") = "MongoDB.Driver.GridFS", "..\Common\ThirdParty\MongodbDriver\MongoDB.Driver.GridFS\MongoDB.Driver.GridFS.csproj", "{E133D53C-7572-496A-AAFD-CCDCB003D8A2}"
EndProject
Global
	GlobalSection(SolutionConfigurationPlatforms) = preSolution
		Debug|Any CPU = Debug|Any CPU
		Release|Any CPU = Release|Any CPU
	EndGlobalSection
	GlobalSection(ProjectConfigurationPlatforms) = postSolution
		{428AD826-1DD3-4E92-8AC5-7C3EC43B77E8}.Debug|Any CPU.ActiveCfg = Debug|Any CPU
		{428AD826-1DD3-4E92-8AC5-7C3EC43B77E8}.Debug|Any CPU.Build.0 = Debug|Any CPU
		{428AD826-1DD3-4E92-8AC5-7C3EC43B77E8}.Release|Any CPU.ActiveCfg = Release|Any CPU
		{428AD826-1DD3-4E92-8AC5-7C3EC43B77E8}.Release|Any CPU.Build.0 = Release|Any CPU
		{495CECEB-CDCC-47E1-A06F-992453D09DCB}.Debug|Any CPU.ActiveCfg = Debug|Any CPU
		{495CECEB-CDCC-47E1-A06F-992453D09DCB}.Debug|Any CPU.Build.0 = Debug|Any CPU
		{495CECEB-CDCC-47E1-A06F-992453D09DCB}.Release|Any CPU.ActiveCfg = Release|Any CPU
		{495CECEB-CDCC-47E1-A06F-992453D09DCB}.Release|Any CPU.Build.0 = Release|Any CPU
		{8237A035-260A-46B6-8F8C-F394EB47F511}.Debug|Any CPU.ActiveCfg = Debug|Any CPU
		{8237A035-260A-46B6-8F8C-F394EB47F511}.Debug|Any CPU.Build.0 = Debug|Any CPU
		{8237A035-260A-46B6-8F8C-F394EB47F511}.Release|Any CPU.ActiveCfg = Release|Any CPU
		{8237A035-260A-46B6-8F8C-F394EB47F511}.Release|Any CPU.Build.0 = Release|Any CPU
		{22C2DC41-4351-4A9D-8CFF-4F97957F489E}.Debug|Any CPU.ActiveCfg = Debug|Any CPU
		{22C2DC41-4351-4A9D-8CFF-4F97957F489E}.Debug|Any CPU.Build.0 = Debug|Any CPU
		{22C2DC41-4351-4A9D-8CFF-4F97957F489E}.Release|Any CPU.ActiveCfg = Release|Any CPU
		{22C2DC41-4351-4A9D-8CFF-4F97957F489E}.Release|Any CPU.Build.0 = Release|Any CPU
		{B9CA111F-62B4-4AEB-97AF-2DA0FD7DA94F}.Debug|Any CPU.ActiveCfg = Debug|Any CPU
		{B9CA111F-62B4-4AEB-97AF-2DA0FD7DA94F}.Debug|Any CPU.Build.0 = Debug|Any CPU
		{B9CA111F-62B4-4AEB-97AF-2DA0FD7DA94F}.Release|Any CPU.ActiveCfg = Release|Any CPU
		{B9CA111F-62B4-4AEB-97AF-2DA0FD7DA94F}.Release|Any CPU.Build.0 = Release|Any CPU
		{AC7EDA1A-7BDB-4FC2-ABBB-4ED83096CCDD}.Debug|Any CPU.ActiveCfg = Debug|Any CPU
		{AC7EDA1A-7BDB-4FC2-ABBB-4ED83096CCDD}.Debug|Any CPU.Build.0 = Debug|Any CPU
		{AC7EDA1A-7BDB-4FC2-ABBB-4ED83096CCDD}.Release|Any CPU.ActiveCfg = Release|Any CPU
		{AC7EDA1A-7BDB-4FC2-ABBB-4ED83096CCDD}.Release|Any CPU.Build.0 = Release|Any CPU
		{6CCEF52A-8341-4118-A428-2F2852BD495A}.Debug|Any CPU.ActiveCfg = Debug|Any CPU
		{6CCEF52A-8341-4118-A428-2F2852BD495A}.Debug|Any CPU.Build.0 = Debug|Any CPU
		{6CCEF52A-8341-4118-A428-2F2852BD495A}.Release|Any CPU.ActiveCfg = Release|Any CPU
		{6CCEF52A-8341-4118-A428-2F2852BD495A}.Release|Any CPU.Build.0 = Release|Any CPU
		{E133D53C-7572-496A-AAFD-CCDCB003D8A2}.Debug|Any CPU.ActiveCfg = Debug|Any CPU
		{E133D53C-7572-496A-AAFD-CCDCB003D8A2}.Debug|Any CPU.Build.0 = Debug|Any CPU
		{E133D53C-7572-496A-AAFD-CCDCB003D8A2}.Release|Any CPU.ActiveCfg = Release|Any CPU
		{E133D53C-7572-496A-AAFD-CCDCB003D8A2}.Release|Any CPU.Build.0 = Release|Any CPU
	EndGlobalSection
	GlobalSection(SolutionProperties) = preSolution
		HideSolutionNode = FALSE
	EndGlobalSection
	GlobalSection(NestedProjects) = preSolution
		{41683E85-5807-40F5-8F74-53E470489802} = {32D9D741-9528-4819-9C37-1472191F9A4F}
		{32D9D741-9528-4819-9C37-1472191F9A4F} = {04646BC4-06AB-44C9-9112-19A442F41B42}
		{8237A035-260A-46B6-8F8C-F394EB47F511} = {04646BC4-06AB-44C9-9112-19A442F41B42}
		{22C2DC41-4351-4A9D-8CFF-4F97957F489E} = {04646BC4-06AB-44C9-9112-19A442F41B42}
		{B9CA111F-62B4-4AEB-97AF-2DA0FD7DA94F} = {41683E85-5807-40F5-8F74-53E470489802}
		{AC7EDA1A-7BDB-4FC2-ABBB-4ED83096CCDD} = {41683E85-5807-40F5-8F74-53E470489802}
		{6CCEF52A-8341-4118-A428-2F2852BD495A} = {41683E85-5807-40F5-8F74-53E470489802}
		{E133D53C-7572-496A-AAFD-CCDCB003D8A2} = {41683E85-5807-40F5-8F74-53E470489802}
	EndGlobalSection
	GlobalSection(ExtensibilityGlobals) = postSolution
		SolutionGuid = {B6848430-138E-45F6-B81B-350B8222A883}
	EndGlobalSection
EndGlobal
